// !$*UTF8*$!
{
	archiveVersion = 1;
	classes = {
	};
	objectVersion = 39;
	objects = {
		014CEA4F0018CE4811CA2923 = {
			buildRules = (
			);
			buildSettings = {
				COPY_PHASE_STRIP = NO;
				DEBUGGING_SYMBOLS = YES;
				GCC_DYNAMIC_NO_PIC = NO;
				GCC_ENABLE_FIX_AND_CONTINUE = YES;
				GCC_GENERATE_DEBUGGING_SYMBOLS = YES;
				GCC_OPTIMIZATION_LEVEL = 0;
				OPTIMIZATION_CFLAGS = "-O0";
				ZERO_LINK = YES;
			};
			isa = PBXBuildStyle;
			name = Development;
		};
		014CEA500018CE4811CA2923 = {
			buildRules = (
			);
			buildSettings = {
				COPY_PHASE_STRIP = YES;
				GCC_ENABLE_FIX_AND_CONTINUE = NO;
				ZERO_LINK = NO;
			};
			isa = PBXBuildStyle;
			name = Deployment;
		};
//010
//011
//012
//013
//014
//080
//081
//082
//083
//084
		08FB7793FE84155DC02AAC07 = {
			buildSettings = {
			};
			buildStyles = (
				014CEA4F0018CE4811CA2923,
				014CEA500018CE4811CA2923,
			);
			hasScannedForEncodings = 1;
			isa = PBXProject;
			mainGroup = 08FB7794FE84155DC02AAC07;
			projectDirPath = "";
			targets = (
				B2FB247A0679FAF400F20944,
			);
		};
		08FB7794FE84155DC02AAC07 = {
			children = (
				08FB7795FE84155DC02AAC07,
				C6859EA2029092E104C91782,
				08FB779DFE84155DC02AAC07,
				B2FB249D0679FB2E00F20944,
				1AB674ADFE9D54B511CA2CBB,
			);
			isa = PBXGroup;
			name = SimpleWindow;
			refType = 4;
			sourceTree = "<group>";
		};
		08FB7795FE84155DC02AAC07 = {
			children = (
				B2FB24920679FB1B00F20944,
				B2FB24840679FB0300F20944,
				32A70AAB03705E1F00C91783,
			);
			isa = PBXGroup;
			name = Source;
			refType = 4;
			sourceTree = "<group>";
		};
		08FB7796FE84155DC02AAC07 = {
			fileEncoding = 4;
			isa = PBXFileReference;
			lastKnownFileType = sourcecode.c.objc;
			path = main.m;
			refType = 4;
			sourceTree = "<group>";
		};
		08FB779DFE84155DC02AAC07 = {
			children = (
				B23E7155066EE6760022D01B,
				B23E7156066EE6760022D01B,
				08FB779EFE84155DC02AAC07,
			);
			isa = PBXGroup;
			name = "External Frameworks and Libraries";
			refType = 4;
			sourceTree = "<group>";
		};
		08FB779EFE84155DC02AAC07 = {
			fallbackIsa = PBXFileReference;
			isa = PBXFrameworkReference;
			lastKnownFileType = wrapper.framework;
			name = Foundation.framework;
			path = /System/Library/Frameworks/Foundation.framework;
			refType = 0;
			sourceTree = "<absolute>";
		};
//080
//081
//082
//083
//084
//1A0
//1A1
//1A2
//1A3
//1A4
		1AB674ADFE9D54B511CA2CBB = {
			children = (
				B2FB247B0679FAF400F20944,
			);
			isa = PBXGroup;
			name = Products;
			refType = 4;
			sourceTree = "<group>";
		};
//1A0
//1A1
//1A2
//1A3
//1A4
//320
//321
//322
//323
//324
		32A70AAB03705E1F00C91783 = {
			fileEncoding = 4;
			isa = PBXFileReference;
			lastKnownFileType = sourcecode.c.h;
			path = SimpleWindow_Prefix.pch;
			refType = 4;
			sourceTree = "<group>";
		};
//320
//321
//322
//323
//324
//B20
//B21
//B22
//B23
//B24
		B23E7155066EE6760022D01B = {
			isa = PBXFileReference;
			lastKnownFileType = wrapper.framework;
			name = AppKit.framework;
			path = /System/Library/Frameworks/AppKit.framework;
			refType = 0;
			sourceTree = "<absolute>";
		};
		B23E7156066EE6760022D01B = {
			isa = PBXFileReference;
			lastKnownFileType = wrapper.framework;
			name = Cocoa.framework;
			path = /System/Library/Frameworks/Cocoa.framework;
			refType = 0;
			sourceTree = "<absolute>";
		};
		B2543A2D0676D46900CBEB0B = {
			fileEncoding = 4;
			isa = PBXFileReference;
			lastKnownFileType = sourcecode.c.h;
			path = CSWindow.h;
			refType = 4;
			sourceTree = "<group>";
		};
		B2543A2E0676D46900CBEB0B = {
			fileEncoding = 4;
			isa = PBXFileReference;
			lastKnownFileType = sourcecode.c.objc;
			path = CSWindow.m;
			refType = 4;
			sourceTree = "<group>";
		};
		B283E33C067D64E300EDD127 = {
			isa = PBXFileReference;
			lastKnownFileType = image.icns;
			path = mono.icns;
			refType = 4;
			sourceTree = "<group>";
		};
		B283E33D067D64E300EDD127 = {
			fileRef = B283E33C067D64E300EDD127;
			isa = PBXBuildFile;
			settings = {
			};
		};
		B297DCD006796AF6004CB4CF = {
			fileEncoding = 4;
			isa = PBXFileReference;
			lastKnownFileType = sourcecode.c.h;
			path = CSControl.h;
			refType = 4;
			sourceTree = "<group>";
		};
		B297DCD106796AF6004CB4CF = {
			fileEncoding = 4;
			isa = PBXFileReference;
			lastKnownFileType = sourcecode.c.objc;
			path = CSControl.m;
			refType = 4;
			sourceTree = "<group>";
		};
		B2A5812F0678E2E500C755B6 = {
			fileEncoding = 4;
			isa = PBXFileReference;
			lastKnownFileType = sourcecode.c.h;
			path = CSApplication.h;
			refType = 4;
			sourceTree = "<group>";
		};
		B2A581300678E2E500C755B6 = {
			fileEncoding = 4;
			isa = PBXFileReference;
			lastKnownFileType = sourcecode.c.objc;
			path = CSApplication.m;
			refType = 4;
			sourceTree = "<group>";
		};
		B2A581870678F43300C755B6 = {
			fileEncoding = 4;
			isa = PBXFileReference;
			lastKnownFileType = sourcecode.c.h;
			path = CSWindowController.h;
			refType = 4;
			sourceTree = "<group>";
		};
		B2A581880678F43300C755B6 = {
			fileEncoding = 4;
			isa = PBXFileReference;
			lastKnownFileType = sourcecode.c.objc;
			path = CSWindowController.m;
			refType = 4;
			sourceTree = "<group>";
		};
		B2C90EF0067D2ED80059924C = {
			fileEncoding = 4;
			isa = PBXFileReference;
			lastKnownFileType = sourcecode.c.h;
			path = CSMenu.h;
			refType = 4;
			sourceTree = "<group>";
		};
		B2C90EF1067D2ED80059924C = {
			fileEncoding = 4;
			isa = PBXFileReference;
			lastKnownFileType = sourcecode.c.objc;
			path = CSMenu.m;
			refType = 4;
			sourceTree = "<group>";
		};
		B2C90EF2067D2ED80059924C = {
			fileRef = B2C90EF0067D2ED80059924C;
			isa = PBXBuildFile;
			settings = {
			};
		};
		B2C90EF3067D2ED80059924C = {
			fileRef = B2C90EF1067D2ED80059924C;
			isa = PBXBuildFile;
			settings = {
			};
		};
		B2F08F470676517800AC7C5A = {
			fileEncoding = 4;
			isa = PBXFileReference;
			lastKnownFileType = sourcecode.c.h;
			path = Utils.h;
			refType = 4;
			sourceTree = "<group>";
		};
		B2F08F480676517800AC7C5A = {
			fileEncoding = 4;
			isa = PBXFileReference;
			lastKnownFileType = sourcecode.c.objc;
			path = Utils.m;
			refType = 4;
			sourceTree = "<group>";
		};
		B2F3D2F1067AACBE00AC2F31 = {
			fileEncoding = 30;
			isa = PBXFileReference;
			lastKnownFileType = text.plist.xml;
			path = "CSWindow-Info.plist";
			refType = 4;
			sourceTree = "<group>";
		};
		B2F3D2F2067AACBE00AC2F31 = {
			fileRef = B2F3D2F1067AACBE00AC2F31;
			isa = PBXBuildFile;
			settings = {
			};
		};
		B2FB24760679FAF400F20944 = {
			buildActionMask = 2147483647;
			files = (
				B2FB24B30679FB5000F20944,
				B2FB24B40679FB5000F20944,
				B2FB24B50679FB5000F20944,
				B2FB24B60679FB5000F20944,
				B2FB24B70679FB5000F20944,
				B2C90EF2067D2ED80059924C,
			);
			isa = PBXHeadersBuildPhase;
			runOnlyForDeploymentPostprocessing = 0;
		};
		B2FB24770679FAF400F20944 = {
			buildActionMask = 2147483647;
			files = (
				B2F3D2F2067AACBE00AC2F31,
				B283E33D067D64E300EDD127,
			);
			isa = PBXResourcesBuildPhase;
			runOnlyForDeploymentPostprocessing = 0;
		};
		B2FB24780679FAF400F20944 = {
			buildActionMask = 2147483647;
			files = (
				B2FB24C10679FB6300F20944,
				B2FB24C20679FB6300F20944,
				B2FB24C30679FB6300F20944,
				B2FB24C40679FB6300F20944,
				B2FB24C50679FB6300F20944,
				B2FB24C60679FB6300F20944,
				B2C90EF3067D2ED80059924C,
			);
			isa = PBXSourcesBuildPhase;
			runOnlyForDeploymentPostprocessing = 0;
		};
		B2FB24790679FAF400F20944 = {
			buildActionMask = 2147483647;
			files = (
				B2FB26790679FBF700F20944,
				B2FB267A0679FBF700F20944,
				B2FB267B0679FBF700F20944,
			);
			isa = PBXFrameworksBuildPhase;
			runOnlyForDeploymentPostprocessing = 0;
		};
		B2FB247A0679FAF400F20944 = {
			buildPhases = (
				B2FB24760679FAF400F20944,
				B2FB24770679FAF400F20944,
				B2FB24780679FAF400F20944,
				B2FB24790679FAF400F20944,
				B2FB24D20679FB7A00F20944,
			);
			buildRules = (
			);
			buildSettings = {
				GCC_PRECOMPILE_PREFIX_HEADER = YES;
				GCC_PREFIX_HEADER = "$(SYSTEM_LIBRARY_DIR)/Frameworks/AppKit.framework/Headers/AppKit.h";
				GCC_WARN_FOUR_CHARACTER_CONSTANTS = NO;
				GCC_WARN_UNKNOWN_PRAGMAS = NO;
				INFOPLIST_FILE = "CSWindow-Info.plist";
				INSTALL_PATH = "$(USER_APPS_DIR)";
				OTHER_CFLAGS = "";
				OTHER_LDFLAGS = "-framework Foundation -framework AppKit";
				OTHER_REZFLAGS = "";
				PRODUCT_NAME = CSWindow;
				SECTORDER_FLAGS = "";
				WARNING_CFLAGS = "-Wmost";
			};
			dependencies = (
			);
			isa = PBXNativeTarget;
			name = CSWindow;
			productName = CSWindow;
			productReference = B2FB247B0679FAF400F20944;
			productSettingsXML = "<?xml version=\"1.0\" encoding=\"UTF-8\"?>
<!DOCTYPE plist PUBLIC \"-//Apple Computer//DTD PLIST 1.0//EN\" \"http://www.apple.com/DTDs/PropertyList-1.0.dtd\">
<plist version=\"1.0\">
<dict>
	<key>CFBundleDevelopmentRegion</key>
	<string>English</string>
	<key>CFBundleExecutable</key>
	<string>CSWindow</string>
	<key>CFBundleGetInfoString</key>
	<string></string>
	<key>CFBundleIconFile</key>
	<string></string>
	<key>CFBundleIdentifier</key>
	<string>com.MySoftwareCompany.CSWindow</string>
	<key>CFBundleInfoDictionaryVersion</key>
	<string>6.0</string>
	<key>CFBundlePackageType</key>
	<string>APPL</string>
	<key>CFBundleShortVersionString</key>
	<string></string>
	<key>CFBundleSignature</key>
	<string>????</string>
	<key>CFBundleVersion</key>
	<string>1.0.0d1</string>
	<key>NSMainNibFile</key>
	<string>MainMenu</string>
	<key>NSPrincipalClass</key>
	<string>NSApplication</string>
</dict>
</plist>
";
			productType = "com.apple.product-type.application";
		};
		B2FB247B0679FAF400F20944 = {
			explicitFileType = wrapper.application;
			includeInIndex = 0;
			isa = PBXFileReference;
			path = CSWindow.app;
			refType = 3;
			sourceTree = BUILT_PRODUCTS_DIR;
		};
		B2FB24840679FB0300F20944 = {
			children = (
				B2C90EF0067D2ED80059924C,
				B2F08F470676517800AC7C5A,
				B2543A2D0676D46900CBEB0B,
				B2A5812F0678E2E500C755B6,
				B2A581870678F43300C755B6,
				B297DCD006796AF6004CB4CF,
			);
			isa = PBXGroup;
			name = Headers;
			refType = 4;
			sourceTree = "<group>";
		};
		B2FB24920679FB1B00F20944 = {
			children = (
				08FB7796FE84155DC02AAC07,
				B2F08F480676517800AC7C5A,
				B2543A2E0676D46900CBEB0B,
				B2A581300678E2E500C755B6,
				B2A581880678F43300C755B6,
				B297DCD106796AF6004CB4CF,
				B2C90EF1067D2ED80059924C,
			);
			isa = PBXGroup;
			name = Classes;
			refType = 4;
			sourceTree = "<group>";
		};
		B2FB249D0679FB2E00F20944 = {
			children = (
				B283E33C067D64E300EDD127,
				B2F3D2F1067AACBE00AC2F31,
			);
			isa = PBXGroup;
			name = Resources;
			refType = 4;
			sourceTree = "<group>";
		};
		B2FB24B30679FB5000F20944 = {
			fileRef = B2F08F470676517800AC7C5A;
			isa = PBXBuildFile;
			settings = {
			};
		};
		B2FB24B40679FB5000F20944 = {
			fileRef = B2543A2D0676D46900CBEB0B;
			isa = PBXBuildFile;
			settings = {
			};
		};
		B2FB24B50679FB5000F20944 = {
			fileRef = B2A5812F0678E2E500C755B6;
			isa = PBXBuildFile;
			settings = {
			};
		};
		B2FB24B60679FB5000F20944 = {
			fileRef = B2A581870678F43300C755B6;
			isa = PBXBuildFile;
			settings = {
			};
		};
		B2FB24B70679FB5000F20944 = {
			fileRef = B297DCD006796AF6004CB4CF;
			isa = PBXBuildFile;
			settings = {
			};
		};
		B2FB24C10679FB6300F20944 = {
			fileRef = 08FB7796FE84155DC02AAC07;
			isa = PBXBuildFile;
			settings = {
			};
		};
		B2FB24C20679FB6300F20944 = {
			fileRef = B2F08F480676517800AC7C5A;
			isa = PBXBuildFile;
			settings = {
			};
		};
		B2FB24C30679FB6300F20944 = {
			fileRef = B2543A2E0676D46900CBEB0B;
			isa = PBXBuildFile;
			settings = {
			};
		};
		B2FB24C40679FB6300F20944 = {
			fileRef = B2A581300678E2E500C755B6;
			isa = PBXBuildFile;
			settings = {
			};
		};
		B2FB24C50679FB6300F20944 = {
			fileRef = B2A581880678F43300C755B6;
			isa = PBXBuildFile;
			settings = {
			};
		};
		B2FB24C60679FB6300F20944 = {
			fileRef = B297DCD106796AF6004CB4CF;
			isa = PBXBuildFile;
			settings = {
			};
		};
		B2FB24D20679FB7A00F20944 = {
			buildActionMask = 12;
			dstPath = "";
			dstSubfolderSpec = 7;
			files = (
			);
			isa = PBXCopyFilesBuildPhase;
			runOnlyForDeploymentPostprocessing = 0;
		};
		B2FB26790679FBF700F20944 = {
			fileRef = B23E7155066EE6760022D01B;
			isa = PBXBuildFile;
			settings = {
			};
		};
		B2FB267A0679FBF700F20944 = {
			fileRef = B23E7156066EE6760022D01B;
			isa = PBXBuildFile;
			settings = {
			};
		};
		B2FB267B0679FBF700F20944 = {
			fileRef = 08FB779EFE84155DC02AAC07;
			isa = PBXBuildFile;
			settings = {
			};
		};
//B20
//B21
//B22
//B23
//B24
//C60
//C61
//C62
//C63
//C64
		C6859EA2029092E104C91782 = {
			children = (
				C6859EA3029092ED04C91782,
			);
			isa = PBXGroup;
			name = Documentation;
			refType = 4;
			sourceTree = "<group>";
		};
		C6859EA3029092ED04C91782 = {
			isa = PBXFileReference;
			lastKnownFileType = text.man;
			path = SimpleWindow.1;
			refType = 4;
			sourceTree = "<group>";
		};
	};
	rootObject = 08FB7793FE84155DC02AAC07;
}
